
Microsoft Visual Studio Solution File, Format Version 12.00
# Visual Studio 15
VisualStudioVersion = 15.0.28307.539
MinimumVisualStudioVersion = 10.0.40219.1
Project("{FAE04EC0-301F-11D3-BF4B-00C04F79EFBC}") = "Core_Service_MiddleWare", "Core_Service_MiddleWare\Core_Service_MiddleWare.csproj", "{FCE6E9DE-6C01-41CC-B8ED-3484D812AFD8}"
EndProject
Global
	GlobalSection(SolutionConfigurationPlatforms) = preSolution
		Debug|Any CPU = Debug|Any CPU
		Release|Any CPU = Release|Any CPU
	EndGlobalSection
	GlobalSection(ProjectConfigurationPlatforms) = postSolution
		{FCE6E9DE-6C01-41CC-B8ED-3484D812AFD8}.Debug|Any CPU.ActiveCfg = Debug|Any CPU
		{FCE6E9DE-6C01-41CC-B8ED-3484D812AFD8}.Debug|Any CPU.Build.0 = Debug|Any CPU
		{FCE6E9DE-6C01-41CC-B8ED-3484D812AFD8}.Release|Any CPU.ActiveCfg = Release|Any CPU
		{FCE6E9DE-6C01-41CC-B8ED-3484D812AFD8}.Release|Any CPU.Build.0 = Release|Any CPU
	EndGlobalSection
	GlobalSection(SolutionProperties) = preSolution
		HideSolutionNode = FALSE
	EndGlobalSection
	GlobalSection(ExtensibilityGlobals) = postSolution
		SolutionGuid = {9CB8235C-C59A-4854-86E5-4CD13B923915}
	EndGlobalSection
EndGlobal
